
Microsoft Visual Studio Solution File, Format Version 12.00
Project("{FAE04EC0-301F-11D3-BF4B-00C04F79EFBC}") = "ToDo", "ToDo\ToDo.csproj", "{8BD97404-FAED-4A5D-BC34-111903FBDAB9}"
EndProject
Global
	GlobalSection(SolutionConfigurationPlatforms) = preSolution
		Debug|Any CPU = Debug|Any CPU
		Release|Any CPU = Release|Any CPU
	EndGlobalSection
	GlobalSection(ProjectConfigurationPlatforms) = postSolution
		{8BD97404-FAED-4A5D-BC34-111903FBDAB9}.Debug|Any CPU.ActiveCfg = Debug|Any CPU
		{8BD97404-FAED-4A5D-BC34-111903FBDAB9}.Debug|Any CPU.Build.0 = Debug|Any CPU
		{8BD97404-FAED-4A5D-BC34-111903FBDAB9}.Release|Any CPU.ActiveCfg = Release|Any CPU
		{8BD97404-FAED-4A5D-BC34-111903FBDAB9}.Release|Any CPU.Build.0 = Release|Any CPU
	EndGlobalSection
EndGlobal
